
Microsoft Visual Studio Solution File, Format Version 12.00
# Visual Studio Version 16
VisualStudioVersion = 16.0.29613.14
MinimumVisualStudioVersion = 10.0.40219.1
Project("{FAE04EC0-301F-11D3-BF4B-00C04F79EFBC}") = "calculajuros", "calculajuros\calculajuros.csproj", "{F55DC850-E835-410A-8F53-9046C006D3D6}"
EndProject
Project("{FAE04EC0-301F-11D3-BF4B-00C04F79EFBC}") = "retornajuros", "retornajuros\retornajuros.csproj", "{D7FFBD84-B57E-4F1A-9E04-CE39DCDCB2D9}"
EndProject
Project("{FAE04EC0-301F-11D3-BF4B-00C04F79EFBC}") = "calculajurostest", "CalculaJurosTest\calculajurostest.csproj", "{595CE702-B007-490A-930A-4F26D36E9277}"
EndProject
Global
	GlobalSection(SolutionConfigurationPlatforms) = preSolution
		Debug|Any CPU = Debug|Any CPU
		Release|Any CPU = Release|Any CPU
	EndGlobalSection
	GlobalSection(ProjectConfigurationPlatforms) = postSolution
		{F55DC850-E835-410A-8F53-9046C006D3D6}.Debug|Any CPU.ActiveCfg = Debug|Any CPU
		{F55DC850-E835-410A-8F53-9046C006D3D6}.Debug|Any CPU.Build.0 = Debug|Any CPU
		{F55DC850-E835-410A-8F53-9046C006D3D6}.Release|Any CPU.ActiveCfg = Release|Any CPU
		{F55DC850-E835-410A-8F53-9046C006D3D6}.Release|Any CPU.Build.0 = Release|Any CPU
		{D7FFBD84-B57E-4F1A-9E04-CE39DCDCB2D9}.Debug|Any CPU.ActiveCfg = Debug|Any CPU
		{D7FFBD84-B57E-4F1A-9E04-CE39DCDCB2D9}.Debug|Any CPU.Build.0 = Debug|Any CPU
		{D7FFBD84-B57E-4F1A-9E04-CE39DCDCB2D9}.Release|Any CPU.ActiveCfg = Release|Any CPU
		{D7FFBD84-B57E-4F1A-9E04-CE39DCDCB2D9}.Release|Any CPU.Build.0 = Release|Any CPU
		{595CE702-B007-490A-930A-4F26D36E9277}.Debug|Any CPU.ActiveCfg = Debug|Any CPU
		{595CE702-B007-490A-930A-4F26D36E9277}.Debug|Any CPU.Build.0 = Debug|Any CPU
		{595CE702-B007-490A-930A-4F26D36E9277}.Release|Any CPU.ActiveCfg = Release|Any CPU
		{595CE702-B007-490A-930A-4F26D36E9277}.Release|Any CPU.Build.0 = Release|Any CPU
	EndGlobalSection
	GlobalSection(SolutionProperties) = preSolution
		HideSolutionNode = FALSE
	EndGlobalSection
	GlobalSection(ExtensibilityGlobals) = postSolution
		SolutionGuid = {D1C5BAAD-C93D-411B-9F01-66226338682C}
	EndGlobalSection
EndGlobal
